
Microsoft Visual Studio Solution File, Format Version 12.00
# Visual Studio Version 17
VisualStudioVersion = 17.2.32602.215
MinimumVisualStudioVersion = 10.0.40219.1
Project("{FAE04EC0-301F-11D3-BF4B-00C04F79EFBC}") = "PasswordLibrary", "PasswordLibrary\PasswordLibrary.csproj", "{7BB306D4-5C11-4295-9A6C-1E7A8121EEEA}"
EndProject
Project("{FAE04EC0-301F-11D3-BF4B-00C04F79EFBC}") = "PasswordClient", "PasswordClient\PasswordClient.csproj", "{709E60C4-4266-476D-83B7-647C74DFC202}"
EndProject
Global
	GlobalSection(SolutionConfigurationPlatforms) = preSolution
		Debug|Any CPU = Debug|Any CPU
		Release|Any CPU = Release|Any CPU
	EndGlobalSection
	GlobalSection(ProjectConfigurationPlatforms) = postSolution
		{7BB306D4-5C11-4295-9A6C-1E7A8121EEEA}.Debug|Any CPU.ActiveCfg = Debug|Any CPU
		{7BB306D4-5C11-4295-9A6C-1E7A8121EEEA}.Debug|Any CPU.Build.0 = Debug|Any CPU
		{7BB306D4-5C11-4295-9A6C-1E7A8121EEEA}.Release|Any CPU.ActiveCfg = Release|Any CPU
		{7BB306D4-5C11-4295-9A6C-1E7A8121EEEA}.Release|Any CPU.Build.0 = Release|Any CPU
		{709E60C4-4266-476D-83B7-647C74DFC202}.Debug|Any CPU.ActiveCfg = Debug|Any CPU
		{709E60C4-4266-476D-83B7-647C74DFC202}.Debug|Any CPU.Build.0 = Debug|Any CPU
		{709E60C4-4266-476D-83B7-647C74DFC202}.Release|Any CPU.ActiveCfg = Release|Any CPU
		{709E60C4-4266-476D-83B7-647C74DFC202}.Release|Any CPU.Build.0 = Release|Any CPU
	EndGlobalSection
	GlobalSection(SolutionProperties) = preSolution
		HideSolutionNode = FALSE
	EndGlobalSection
	GlobalSection(ExtensibilityGlobals) = postSolution
		SolutionGuid = {B42C45DD-87B3-41BD-A249-1C3FDA23A944}
	EndGlobalSection
EndGlobal
